
Microsoft Visual Studio Solution File, Format Version 12.00
# Visual Studio Version 16
VisualStudioVersion = 16.0.29418.71
MinimumVisualStudioVersion = 10.0.40219.1
Project("{FAE04EC0-301F-11D3-BF4B-00C04F79EFBC}") = "User.OnBoarding.WebApi", "User.OnBoarding.WebApi\User.OnBoarding.WebApi.csproj", "{042BDEF3-689F-4096-AC37-06637516EF9C}"
EndProject
Project("{FAE04EC0-301F-11D3-BF4B-00C04F79EFBC}") = "User.OnBoarding.Application", "User.OnBoarding.Application\User.OnBoarding.Application.csproj", "{71583CEB-217C-44C2-BE4F-7FF168B19AA6}"
EndProject
Project("{FAE04EC0-301F-11D3-BF4B-00C04F79EFBC}") = "User.OnBoarding.ValueObject", "User.OnBoarding.Model\User.OnBoarding.ValueObject.csproj", "{A97D9274-16F8-4D17-8A4F-BC62B66E17BC}"
EndProject
Project("{FAE04EC0-301F-11D3-BF4B-00C04F79EFBC}") = "User.OnBoarding.Repository", "User.OnBoarding.Repository\User.OnBoarding.Repository.csproj", "{72D3CB7E-539D-4B48-9468-B708142A328E}"
EndProject
Project("{FAE04EC0-301F-11D3-BF4B-00C04F79EFBC}") = "User.OnBoarding.Publisher", "User.OnBoarding.Publisher\User.OnBoarding.Publisher.csproj", "{7841431F-9702-4B7D-9D7C-392E5CC5074C}"
EndProject
Global
	GlobalSection(SolutionConfigurationPlatforms) = preSolution
		Debug|Any CPU = Debug|Any CPU
		Release|Any CPU = Release|Any CPU
	EndGlobalSection
	GlobalSection(ProjectConfigurationPlatforms) = postSolution
		{042BDEF3-689F-4096-AC37-06637516EF9C}.Debug|Any CPU.ActiveCfg = Debug|Any CPU
		{042BDEF3-689F-4096-AC37-06637516EF9C}.Debug|Any CPU.Build.0 = Debug|Any CPU
		{042BDEF3-689F-4096-AC37-06637516EF9C}.Release|Any CPU.ActiveCfg = Release|Any CPU
		{042BDEF3-689F-4096-AC37-06637516EF9C}.Release|Any CPU.Build.0 = Release|Any CPU
		{71583CEB-217C-44C2-BE4F-7FF168B19AA6}.Debug|Any CPU.ActiveCfg = Debug|Any CPU
		{71583CEB-217C-44C2-BE4F-7FF168B19AA6}.Debug|Any CPU.Build.0 = Debug|Any CPU
		{71583CEB-217C-44C2-BE4F-7FF168B19AA6}.Release|Any CPU.ActiveCfg = Release|Any CPU
		{71583CEB-217C-44C2-BE4F-7FF168B19AA6}.Release|Any CPU.Build.0 = Release|Any CPU
		{A97D9274-16F8-4D17-8A4F-BC62B66E17BC}.Debug|Any CPU.ActiveCfg = Debug|Any CPU
		{A97D9274-16F8-4D17-8A4F-BC62B66E17BC}.Debug|Any CPU.Build.0 = Debug|Any CPU
		{A97D9274-16F8-4D17-8A4F-BC62B66E17BC}.Release|Any CPU.ActiveCfg = Release|Any CPU
		{A97D9274-16F8-4D17-8A4F-BC62B66E17BC}.Release|Any CPU.Build.0 = Release|Any CPU
		{72D3CB7E-539D-4B48-9468-B708142A328E}.Debug|Any CPU.ActiveCfg = Debug|Any CPU
		{72D3CB7E-539D-4B48-9468-B708142A328E}.Debug|Any CPU.Build.0 = Debug|Any CPU
		{72D3CB7E-539D-4B48-9468-B708142A328E}.Release|Any CPU.ActiveCfg = Release|Any CPU
		{72D3CB7E-539D-4B48-9468-B708142A328E}.Release|Any CPU.Build.0 = Release|Any CPU
		{7841431F-9702-4B7D-9D7C-392E5CC5074C}.Debug|Any CPU.ActiveCfg = Debug|Any CPU
		{7841431F-9702-4B7D-9D7C-392E5CC5074C}.Debug|Any CPU.Build.0 = Debug|Any CPU
		{7841431F-9702-4B7D-9D7C-392E5CC5074C}.Release|Any CPU.ActiveCfg = Release|Any CPU
		{7841431F-9702-4B7D-9D7C-392E5CC5074C}.Release|Any CPU.Build.0 = Release|Any CPU
	EndGlobalSection
	GlobalSection(SolutionProperties) = preSolution
		HideSolutionNode = FALSE
	EndGlobalSection
	GlobalSection(ExtensibilityGlobals) = postSolution
		SolutionGuid = {866B3D9E-4909-4188-A35E-C702548016B8}
	EndGlobalSection
EndGlobal
