
Microsoft Visual Studio Solution File, Format Version 12.00
# Visual Studio Version 16
VisualStudioVersion = 16.0.29418.71
MinimumVisualStudioVersion = 10.0.40219.1
Project("{FAE04EC0-301F-11D3-BF4B-00C04F79EFBC}") = "User.OnBoarding.Processor", "User.OnBoarding.Processor\User.OnBoarding.Processor.csproj", "{9BB25789-BAEB-4FB2-B623-F5C9CCB1E6FB}"
EndProject
Project("{FAE04EC0-301F-11D3-BF4B-00C04F79EFBC}") = "User.OnBoarding.Repository", "User.OnBoarding.Repository\User.OnBoarding.Repository.csproj", "{13375A3B-1942-421C-B656-711A7250F4DB}"
EndProject
Project("{FAE04EC0-301F-11D3-BF4B-00C04F79EFBC}") = "User.OnBoarding.Application", "User.OnBoarding.Application\User.OnBoarding.Application.csproj", "{1D076C00-29F9-42F1-B498-1A34CB826C44}"
EndProject
Global
	GlobalSection(SolutionConfigurationPlatforms) = preSolution
		Debug|Any CPU = Debug|Any CPU
		Release|Any CPU = Release|Any CPU
	EndGlobalSection
	GlobalSection(ProjectConfigurationPlatforms) = postSolution
		{9BB25789-BAEB-4FB2-B623-F5C9CCB1E6FB}.Debug|Any CPU.ActiveCfg = Debug|Any CPU
		{9BB25789-BAEB-4FB2-B623-F5C9CCB1E6FB}.Debug|Any CPU.Build.0 = Debug|Any CPU
		{9BB25789-BAEB-4FB2-B623-F5C9CCB1E6FB}.Release|Any CPU.ActiveCfg = Release|Any CPU
		{9BB25789-BAEB-4FB2-B623-F5C9CCB1E6FB}.Release|Any CPU.Build.0 = Release|Any CPU
		{13375A3B-1942-421C-B656-711A7250F4DB}.Debug|Any CPU.ActiveCfg = Debug|Any CPU
		{13375A3B-1942-421C-B656-711A7250F4DB}.Debug|Any CPU.Build.0 = Debug|Any CPU
		{13375A3B-1942-421C-B656-711A7250F4DB}.Release|Any CPU.ActiveCfg = Release|Any CPU
		{13375A3B-1942-421C-B656-711A7250F4DB}.Release|Any CPU.Build.0 = Release|Any CPU
		{1D076C00-29F9-42F1-B498-1A34CB826C44}.Debug|Any CPU.ActiveCfg = Debug|Any CPU
		{1D076C00-29F9-42F1-B498-1A34CB826C44}.Debug|Any CPU.Build.0 = Debug|Any CPU
		{1D076C00-29F9-42F1-B498-1A34CB826C44}.Release|Any CPU.ActiveCfg = Release|Any CPU
		{1D076C00-29F9-42F1-B498-1A34CB826C44}.Release|Any CPU.Build.0 = Release|Any CPU
	EndGlobalSection
	GlobalSection(SolutionProperties) = preSolution
		HideSolutionNode = FALSE
	EndGlobalSection
	GlobalSection(ExtensibilityGlobals) = postSolution
		SolutionGuid = {0CAED320-B17E-48E7-8E02-E1E2FE572B8B}
	EndGlobalSection
EndGlobal
